
Microsoft Visual Studio Solution File, Format Version 12.00
# Visual Studio 14
VisualStudioVersion = 14.0.25420.1
MinimumVisualStudioVersion = 10.0.40219.1
Project("{FAE04EC0-301F-11D3-BF4B-00C04F79EFBC}") = "B1", "B1\B1.csproj", "{2014723A-6BDB-4BD6-BDA7-8FD4E0C666D1}"
EndProject
Project("{FAE04EC0-301F-11D3-BF4B-00C04F79EFBC}") = "B2", "B2\B2.csproj", "{DDD7C087-9E62-4849-B51A-263FA60A0B73}"
EndProject
Project("{FAE04EC0-301F-11D3-BF4B-00C04F79EFBC}") = "B3", "B3\B3.csproj", "{6594CAAE-71FB-4BDC-AA32-515C34C6F23B}"
EndProject
Project("{FAE04EC0-301F-11D3-BF4B-00C04F79EFBC}") = "B4", "B4\B4.csproj", "{6B09D324-341E-443F-9BCB-FC5C713948C9}"
EndProject
Project("{FAE04EC0-301F-11D3-BF4B-00C04F79EFBC}") = "B5", "B5\B5.csproj", "{E850D2B4-D257-4F86-BF8D-5AB650F19517}"
EndProject
Project("{FAE04EC0-301F-11D3-BF4B-00C04F79EFBC}") = "B6", "B6\B6.csproj", "{AFAC99A3-8246-49FF-9478-CE8225A1D77A}"
EndProject
Project("{FAE04EC0-301F-11D3-BF4B-00C04F79EFBC}") = "B7", "B7\B7.csproj", "{C68A0AF8-803C-43A9-BE51-6DE45C1E90BC}"
EndProject
Project("{FAE04EC0-301F-11D3-BF4B-00C04F79EFBC}") = "B8", "B8\B8.csproj", "{233092FD-56DC-4E07-9A5A-3D3A1E1E4424}"
EndProject
Project("{FAE04EC0-301F-11D3-BF4B-00C04F79EFBC}") = "B9", "B9\B9.csproj", "{98D51F7E-791D-4A39-8D4D-574DF930B3EB}"
EndProject
Project("{FAE04EC0-301F-11D3-BF4B-00C04F79EFBC}") = "B10", "B10\B10.csproj", "{B18BF14B-C845-4504-8EC4-E0CA21F46423}"
EndProject
Project("{FAE04EC0-301F-11D3-BF4B-00C04F79EFBC}") = "B11", "B11\B11.csproj", "{32BC021D-FF75-49AB-99BB-CB76B251CA06}"
EndProject
Project("{FAE04EC0-301F-11D3-BF4B-00C04F79EFBC}") = "B12", "B12\B12.csproj", "{8497F097-5DDB-46AD-BE81-26E569582BF9}"
EndProject
Project("{FAE04EC0-301F-11D3-BF4B-00C04F79EFBC}") = "B13", "B13\B13.csproj", "{9ABD295B-8BC8-40C9-91EA-380B2E5EABF3}"
EndProject
Project("{FAE04EC0-301F-11D3-BF4B-00C04F79EFBC}") = "B14", "B14\B14.csproj", "{E43C1731-AF3F-43C1-A09A-4CCD60602E8B}"
EndProject
Project("{FAE04EC0-301F-11D3-BF4B-00C04F79EFBC}") = "B15", "B15\B15.csproj", "{34EF1786-A6AE-475A-A94B-B79A43B0E8DD}"
EndProject
Project("{FAE04EC0-301F-11D3-BF4B-00C04F79EFBC}") = "B16", "B16\B16.csproj", "{59AE636E-0066-474D-8861-0BB37EE53145}"
EndProject
Project("{FAE04EC0-301F-11D3-BF4B-00C04F79EFBC}") = "B17", "B17\B17.csproj", "{A7266048-BDAE-4171-966B-C5B4AD35B2D8}"
EndProject
Global
	GlobalSection(SolutionConfigurationPlatforms) = preSolution
		Debug|Any CPU = Debug|Any CPU
		Release|Any CPU = Release|Any CPU
	EndGlobalSection
	GlobalSection(ProjectConfigurationPlatforms) = postSolution
		{2014723A-6BDB-4BD6-BDA7-8FD4E0C666D1}.Debug|Any CPU.ActiveCfg = Debug|Any CPU
		{2014723A-6BDB-4BD6-BDA7-8FD4E0C666D1}.Debug|Any CPU.Build.0 = Debug|Any CPU
		{2014723A-6BDB-4BD6-BDA7-8FD4E0C666D1}.Release|Any CPU.ActiveCfg = Release|Any CPU
		{2014723A-6BDB-4BD6-BDA7-8FD4E0C666D1}.Release|Any CPU.Build.0 = Release|Any CPU
		{DDD7C087-9E62-4849-B51A-263FA60A0B73}.Debug|Any CPU.ActiveCfg = Debug|Any CPU
		{DDD7C087-9E62-4849-B51A-263FA60A0B73}.Debug|Any CPU.Build.0 = Debug|Any CPU
		{DDD7C087-9E62-4849-B51A-263FA60A0B73}.Release|Any CPU.ActiveCfg = Release|Any CPU
		{DDD7C087-9E62-4849-B51A-263FA60A0B73}.Release|Any CPU.Build.0 = Release|Any CPU
		{6594CAAE-71FB-4BDC-AA32-515C34C6F23B}.Debug|Any CPU.ActiveCfg = Debug|Any CPU
		{6594CAAE-71FB-4BDC-AA32-515C34C6F23B}.Debug|Any CPU.Build.0 = Debug|Any CPU
		{6594CAAE-71FB-4BDC-AA32-515C34C6F23B}.Release|Any CPU.ActiveCfg = Release|Any CPU
		{6594CAAE-71FB-4BDC-AA32-515C34C6F23B}.Release|Any CPU.Build.0 = Release|Any CPU
		{6B09D324-341E-443F-9BCB-FC5C713948C9}.Debug|Any CPU.ActiveCfg = Debug|Any CPU
		{6B09D324-341E-443F-9BCB-FC5C713948C9}.Debug|Any CPU.Build.0 = Debug|Any CPU
		{6B09D324-341E-443F-9BCB-FC5C713948C9}.Release|Any CPU.ActiveCfg = Release|Any CPU
		{6B09D324-341E-443F-9BCB-FC5C713948C9}.Release|Any CPU.Build.0 = Release|Any CPU
		{E850D2B4-D257-4F86-BF8D-5AB650F19517}.Debug|Any CPU.ActiveCfg = Debug|Any CPU
		{E850D2B4-D257-4F86-BF8D-5AB650F19517}.Debug|Any CPU.Build.0 = Debug|Any CPU
		{E850D2B4-D257-4F86-BF8D-5AB650F19517}.Release|Any CPU.ActiveCfg = Release|Any CPU
		{E850D2B4-D257-4F86-BF8D-5AB650F19517}.Release|Any CPU.Build.0 = Release|Any CPU
		{AFAC99A3-8246-49FF-9478-CE8225A1D77A}.Debug|Any CPU.ActiveCfg = Debug|Any CPU
		{AFAC99A3-8246-49FF-9478-CE8225A1D77A}.Debug|Any CPU.Build.0 = Debug|Any CPU
		{AFAC99A3-8246-49FF-9478-CE8225A1D77A}.Release|Any CPU.ActiveCfg = Release|Any CPU
		{AFAC99A3-8246-49FF-9478-CE8225A1D77A}.Release|Any CPU.Build.0 = Release|Any CPU
		{C68A0AF8-803C-43A9-BE51-6DE45C1E90BC}.Debug|Any CPU.ActiveCfg = Debug|Any CPU
		{C68A0AF8-803C-43A9-BE51-6DE45C1E90BC}.Debug|Any CPU.Build.0 = Debug|Any CPU
		{C68A0AF8-803C-43A9-BE51-6DE45C1E90BC}.Release|Any CPU.ActiveCfg = Release|Any CPU
		{C68A0AF8-803C-43A9-BE51-6DE45C1E90BC}.Release|Any CPU.Build.0 = Release|Any CPU
		{233092FD-56DC-4E07-9A5A-3D3A1E1E4424}.Debug|Any CPU.ActiveCfg = Debug|Any CPU
		{233092FD-56DC-4E07-9A5A-3D3A1E1E4424}.Debug|Any CPU.Build.0 = Debug|Any CPU
		{233092FD-56DC-4E07-9A5A-3D3A1E1E4424}.Release|Any CPU.ActiveCfg = Release|Any CPU
		{233092FD-56DC-4E07-9A5A-3D3A1E1E4424}.Release|Any CPU.Build.0 = Release|Any CPU
		{98D51F7E-791D-4A39-8D4D-574DF930B3EB}.Debug|Any CPU.ActiveCfg = Debug|Any CPU
		{98D51F7E-791D-4A39-8D4D-574DF930B3EB}.Debug|Any CPU.Build.0 = Debug|Any CPU
		{98D51F7E-791D-4A39-8D4D-574DF930B3EB}.Release|Any CPU.ActiveCfg = Release|Any CPU
		{98D51F7E-791D-4A39-8D4D-574DF930B3EB}.Release|Any CPU.Build.0 = Release|Any CPU
		{B18BF14B-C845-4504-8EC4-E0CA21F46423}.Debug|Any CPU.ActiveCfg = Debug|Any CPU
		{B18BF14B-C845-4504-8EC4-E0CA21F46423}.Debug|Any CPU.Build.0 = Debug|Any CPU
		{B18BF14B-C845-4504-8EC4-E0CA21F46423}.Release|Any CPU.ActiveCfg = Release|Any CPU
		{B18BF14B-C845-4504-8EC4-E0CA21F46423}.Release|Any CPU.Build.0 = Release|Any CPU
		{32BC021D-FF75-49AB-99BB-CB76B251CA06}.Debug|Any CPU.ActiveCfg = Debug|Any CPU
		{32BC021D-FF75-49AB-99BB-CB76B251CA06}.Debug|Any CPU.Build.0 = Debug|Any CPU
		{32BC021D-FF75-49AB-99BB-CB76B251CA06}.Release|Any CPU.ActiveCfg = Release|Any CPU
		{32BC021D-FF75-49AB-99BB-CB76B251CA06}.Release|Any CPU.Build.0 = Release|Any CPU
		{8497F097-5DDB-46AD-BE81-26E569582BF9}.Debug|Any CPU.ActiveCfg = Debug|Any CPU
		{8497F097-5DDB-46AD-BE81-26E569582BF9}.Debug|Any CPU.Build.0 = Debug|Any CPU
		{8497F097-5DDB-46AD-BE81-26E569582BF9}.Release|Any CPU.ActiveCfg = Release|Any CPU
		{8497F097-5DDB-46AD-BE81-26E569582BF9}.Release|Any CPU.Build.0 = Release|Any CPU
		{9ABD295B-8BC8-40C9-91EA-380B2E5EABF3}.Debug|Any CPU.ActiveCfg = Debug|Any CPU
		{9ABD295B-8BC8-40C9-91EA-380B2E5EABF3}.Debug|Any CPU.Build.0 = Debug|Any CPU
		{9ABD295B-8BC8-40C9-91EA-380B2E5EABF3}.Release|Any CPU.ActiveCfg = Release|Any CPU
		{9ABD295B-8BC8-40C9-91EA-380B2E5EABF3}.Release|Any CPU.Build.0 = Release|Any CPU
		{E43C1731-AF3F-43C1-A09A-4CCD60602E8B}.Debug|Any CPU.ActiveCfg = Debug|Any CPU
		{E43C1731-AF3F-43C1-A09A-4CCD60602E8B}.Debug|Any CPU.Build.0 = Debug|Any CPU
		{E43C1731-AF3F-43C1-A09A-4CCD60602E8B}.Release|Any CPU.ActiveCfg = Release|Any CPU
		{E43C1731-AF3F-43C1-A09A-4CCD60602E8B}.Release|Any CPU.Build.0 = Release|Any CPU
		{34EF1786-A6AE-475A-A94B-B79A43B0E8DD}.Debug|Any CPU.ActiveCfg = Debug|Any CPU
		{34EF1786-A6AE-475A-A94B-B79A43B0E8DD}.Debug|Any CPU.Build.0 = Debug|Any CPU
		{34EF1786-A6AE-475A-A94B-B79A43B0E8DD}.Release|Any CPU.ActiveCfg = Release|Any CPU
		{34EF1786-A6AE-475A-A94B-B79A43B0E8DD}.Release|Any CPU.Build.0 = Release|Any CPU
		{59AE636E-0066-474D-8861-0BB37EE53145}.Debug|Any CPU.ActiveCfg = Debug|Any CPU
		{59AE636E-0066-474D-8861-0BB37EE53145}.Debug|Any CPU.Build.0 = Debug|Any CPU
		{59AE636E-0066-474D-8861-0BB37EE53145}.Release|Any CPU.ActiveCfg = Release|Any CPU
		{59AE636E-0066-474D-8861-0BB37EE53145}.Release|Any CPU.Build.0 = Release|Any CPU
		{A7266048-BDAE-4171-966B-C5B4AD35B2D8}.Debug|Any CPU.ActiveCfg = Debug|Any CPU
		{A7266048-BDAE-4171-966B-C5B4AD35B2D8}.Debug|Any CPU.Build.0 = Debug|Any CPU
		{A7266048-BDAE-4171-966B-C5B4AD35B2D8}.Release|Any CPU.ActiveCfg = Release|Any CPU
		{A7266048-BDAE-4171-966B-C5B4AD35B2D8}.Release|Any CPU.Build.0 = Release|Any CPU
	EndGlobalSection
	GlobalSection(SolutionProperties) = preSolution
		HideSolutionNode = FALSE
	EndGlobalSection
EndGlobal
