
Microsoft Visual Studio Solution File, Format Version 12.00
# Visual Studio 14
VisualStudioVersion = 14.0.25420.1
MinimumVisualStudioVersion = 10.0.40219.1
Project("{FAE04EC0-301F-11D3-BF4B-00C04F79EFBC}") = "Bai7", "Bai7\Bai7.csproj", "{8B5A53A0-1170-403F-B23C-ED0B07F68737}"
EndProject
Project("{FAE04EC0-301F-11D3-BF4B-00C04F79EFBC}") = "B20", "B20\B20.csproj", "{2B7418D9-92E4-4604-AD0B-C00EDD2768E2}"
EndProject
Project("{FAE04EC0-301F-11D3-BF4B-00C04F79EFBC}") = "B6", "B6\B6.csproj", "{D5950A66-EA96-47C3-8DE8-6CE870AA3DC7}"
EndProject
Project("{FAE04EC0-301F-11D3-BF4B-00C04F79EFBC}") = "B8", "B8\B8.csproj", "{17A04482-2CD5-4A38-BE1B-4311090B7ABD}"
EndProject
Project("{FAE04EC0-301F-11D3-BF4B-00C04F79EFBC}") = "B9", "B9\B9.csproj", "{EFB546A8-6D31-4529-834E-56954FDC1A91}"
EndProject
Project("{FAE04EC0-301F-11D3-BF4B-00C04F79EFBC}") = "B12", "B12\B12.csproj", "{7DF2B8B8-6110-462A-8F7E-8D8CA4849B10}"
EndProject
Project("{FAE04EC0-301F-11D3-BF4B-00C04F79EFBC}") = "B13", "B13\B13.csproj", "{7121A5F1-360E-4389-BC9E-775AF67E177B}"
EndProject
Project("{FAE04EC0-301F-11D3-BF4B-00C04F79EFBC}") = "B15", "B15\B15.csproj", "{23A5C25B-0386-43B9-B91B-644AEEFB3663}"
EndProject
Project("{FAE04EC0-301F-11D3-BF4B-00C04F79EFBC}") = "B16", "B16\B16.csproj", "{63FCF61A-222D-4D59-9358-16272205C2C2}"
EndProject
Global
	GlobalSection(SolutionConfigurationPlatforms) = preSolution
		Debug|Any CPU = Debug|Any CPU
		Release|Any CPU = Release|Any CPU
	EndGlobalSection
	GlobalSection(ProjectConfigurationPlatforms) = postSolution
		{8B5A53A0-1170-403F-B23C-ED0B07F68737}.Debug|Any CPU.ActiveCfg = Debug|Any CPU
		{8B5A53A0-1170-403F-B23C-ED0B07F68737}.Debug|Any CPU.Build.0 = Debug|Any CPU
		{8B5A53A0-1170-403F-B23C-ED0B07F68737}.Release|Any CPU.ActiveCfg = Release|Any CPU
		{8B5A53A0-1170-403F-B23C-ED0B07F68737}.Release|Any CPU.Build.0 = Release|Any CPU
		{2B7418D9-92E4-4604-AD0B-C00EDD2768E2}.Debug|Any CPU.ActiveCfg = Debug|Any CPU
		{2B7418D9-92E4-4604-AD0B-C00EDD2768E2}.Debug|Any CPU.Build.0 = Debug|Any CPU
		{2B7418D9-92E4-4604-AD0B-C00EDD2768E2}.Release|Any CPU.ActiveCfg = Release|Any CPU
		{2B7418D9-92E4-4604-AD0B-C00EDD2768E2}.Release|Any CPU.Build.0 = Release|Any CPU
		{D5950A66-EA96-47C3-8DE8-6CE870AA3DC7}.Debug|Any CPU.ActiveCfg = Debug|Any CPU
		{D5950A66-EA96-47C3-8DE8-6CE870AA3DC7}.Debug|Any CPU.Build.0 = Debug|Any CPU
		{D5950A66-EA96-47C3-8DE8-6CE870AA3DC7}.Release|Any CPU.ActiveCfg = Release|Any CPU
		{D5950A66-EA96-47C3-8DE8-6CE870AA3DC7}.Release|Any CPU.Build.0 = Release|Any CPU
		{17A04482-2CD5-4A38-BE1B-4311090B7ABD}.Debug|Any CPU.ActiveCfg = Debug|Any CPU
		{17A04482-2CD5-4A38-BE1B-4311090B7ABD}.Debug|Any CPU.Build.0 = Debug|Any CPU
		{17A04482-2CD5-4A38-BE1B-4311090B7ABD}.Release|Any CPU.ActiveCfg = Release|Any CPU
		{17A04482-2CD5-4A38-BE1B-4311090B7ABD}.Release|Any CPU.Build.0 = Release|Any CPU
		{EFB546A8-6D31-4529-834E-56954FDC1A91}.Debug|Any CPU.ActiveCfg = Debug|Any CPU
		{EFB546A8-6D31-4529-834E-56954FDC1A91}.Debug|Any CPU.Build.0 = Debug|Any CPU
		{EFB546A8-6D31-4529-834E-56954FDC1A91}.Release|Any CPU.ActiveCfg = Release|Any CPU
		{EFB546A8-6D31-4529-834E-56954FDC1A91}.Release|Any CPU.Build.0 = Release|Any CPU
		{7DF2B8B8-6110-462A-8F7E-8D8CA4849B10}.Debug|Any CPU.ActiveCfg = Debug|Any CPU
		{7DF2B8B8-6110-462A-8F7E-8D8CA4849B10}.Debug|Any CPU.Build.0 = Debug|Any CPU
		{7DF2B8B8-6110-462A-8F7E-8D8CA4849B10}.Release|Any CPU.ActiveCfg = Release|Any CPU
		{7DF2B8B8-6110-462A-8F7E-8D8CA4849B10}.Release|Any CPU.Build.0 = Release|Any CPU
		{7121A5F1-360E-4389-BC9E-775AF67E177B}.Debug|Any CPU.ActiveCfg = Debug|Any CPU
		{7121A5F1-360E-4389-BC9E-775AF67E177B}.Debug|Any CPU.Build.0 = Debug|Any CPU
		{7121A5F1-360E-4389-BC9E-775AF67E177B}.Release|Any CPU.ActiveCfg = Release|Any CPU
		{7121A5F1-360E-4389-BC9E-775AF67E177B}.Release|Any CPU.Build.0 = Release|Any CPU
		{23A5C25B-0386-43B9-B91B-644AEEFB3663}.Debug|Any CPU.ActiveCfg = Debug|Any CPU
		{23A5C25B-0386-43B9-B91B-644AEEFB3663}.Debug|Any CPU.Build.0 = Debug|Any CPU
		{23A5C25B-0386-43B9-B91B-644AEEFB3663}.Release|Any CPU.ActiveCfg = Release|Any CPU
		{23A5C25B-0386-43B9-B91B-644AEEFB3663}.Release|Any CPU.Build.0 = Release|Any CPU
		{63FCF61A-222D-4D59-9358-16272205C2C2}.Debug|Any CPU.ActiveCfg = Debug|Any CPU
		{63FCF61A-222D-4D59-9358-16272205C2C2}.Debug|Any CPU.Build.0 = Debug|Any CPU
		{63FCF61A-222D-4D59-9358-16272205C2C2}.Release|Any CPU.ActiveCfg = Release|Any CPU
		{63FCF61A-222D-4D59-9358-16272205C2C2}.Release|Any CPU.Build.0 = Release|Any CPU
	EndGlobalSection
	GlobalSection(SolutionProperties) = preSolution
		HideSolutionNode = FALSE
	EndGlobalSection
EndGlobal
