
Microsoft Visual Studio Solution File, Format Version 12.00
# Visual Studio 2013
VisualStudioVersion = 12.0.31101.0
MinimumVisualStudioVersion = 10.0.40219.1
Project("{FAE04EC0-301F-11D3-BF4B-00C04F79EFBC}") = "xoa2", "ConsoleApplication5\xoa2.csproj", "{891BA77C-0015-4CF0-8591-B275321CF399}"
EndProject
Project("{FAE04EC0-301F-11D3-BF4B-00C04F79EFBC}") = "xoa1", "xoa1\xoa1.csproj", "{827299B5-DC8C-44D7-9030-094EF92A5830}"
EndProject
Project("{FAE04EC0-301F-11D3-BF4B-00C04F79EFBC}") = "xoa3", "xoa3\xoa3.csproj", "{B1C84FA3-9332-4C36-A6C7-E1689572FC60}"
EndProject
Project("{FAE04EC0-301F-11D3-BF4B-00C04F79EFBC}") = "xoa4", "xoa4\xoa4.csproj", "{04FFCD98-14E7-4745-BEFE-B5E051DE7526}"
EndProject
Project("{FAE04EC0-301F-11D3-BF4B-00C04F79EFBC}") = "tk1", "tk1\tk1.csproj", "{10CC0B82-F7CE-4AB1-8DD4-E97FC0EE8537}"
EndProject
Project("{FAE04EC0-301F-11D3-BF4B-00C04F79EFBC}") = "tk2", "2\tk2.csproj", "{8D0B3BDF-AD81-4CF3-8856-AB87CE71E39B}"
EndProject
Project("{FAE04EC0-301F-11D3-BF4B-00C04F79EFBC}") = "tk4", "tk4\tk4.csproj", "{44A1AD4E-6A2D-47C8-A9FF-C9F22A1B012F}"
EndProject
Project("{FAE04EC0-301F-11D3-BF4B-00C04F79EFBC}") = "tk6", "tk6\tk6.csproj", "{37B34110-28B2-4FFC-94BD-7F8C57F22E35}"
EndProject
Project("{FAE04EC0-301F-11D3-BF4B-00C04F79EFBC}") = "tk9_13", "tk13\tk9_13.csproj", "{9DD641FB-F8C8-4A81-A1C0-D755E92B3572}"
EndProject
Project("{FAE04EC0-301F-11D3-BF4B-00C04F79EFBC}") = "tk9_14", "tk9_14\tk9_14.csproj", "{B0C3056C-DE7E-48E3-BD09-C67D60258A81}"
EndProject
Project("{FAE04EC0-301F-11D3-BF4B-00C04F79EFBC}") = "sx1", "sx1\sx1.csproj", "{3F5CDFDA-E31C-4F86-87ED-1C31F19AFB11}"
EndProject
Project("{FAE04EC0-301F-11D3-BF4B-00C04F79EFBC}") = "sx2", "sx2\sx2.csproj", "{F6DD15F0-01A3-4943-BFC2-DC90D30F0A22}"
EndProject
Project("{FAE04EC0-301F-11D3-BF4B-00C04F79EFBC}") = "sx3", "sx3\sx3.csproj", "{FBB0DA41-EA27-4493-BEC2-249B94655DAD}"
EndProject
Project("{FAE04EC0-301F-11D3-BF4B-00C04F79EFBC}") = "sx5", "sx5\sx5.csproj", "{2FE7C6C5-D0A6-443D-814F-3BD44579B1C9}"
EndProject
Project("{FAE04EC0-301F-11D3-BF4B-00C04F79EFBC}") = "sx6", "sx6\sx6.csproj", "{74783931-8718-4ECF-8943-46FD51AC3BCB}"
EndProject
Global
	GlobalSection(SolutionConfigurationPlatforms) = preSolution
		Debug|Any CPU = Debug|Any CPU
		Release|Any CPU = Release|Any CPU
	EndGlobalSection
	GlobalSection(ProjectConfigurationPlatforms) = postSolution
		{891BA77C-0015-4CF0-8591-B275321CF399}.Debug|Any CPU.ActiveCfg = Debug|Any CPU
		{891BA77C-0015-4CF0-8591-B275321CF399}.Debug|Any CPU.Build.0 = Debug|Any CPU
		{891BA77C-0015-4CF0-8591-B275321CF399}.Release|Any CPU.ActiveCfg = Release|Any CPU
		{891BA77C-0015-4CF0-8591-B275321CF399}.Release|Any CPU.Build.0 = Release|Any CPU
		{827299B5-DC8C-44D7-9030-094EF92A5830}.Debug|Any CPU.ActiveCfg = Debug|Any CPU
		{827299B5-DC8C-44D7-9030-094EF92A5830}.Debug|Any CPU.Build.0 = Debug|Any CPU
		{827299B5-DC8C-44D7-9030-094EF92A5830}.Release|Any CPU.ActiveCfg = Release|Any CPU
		{827299B5-DC8C-44D7-9030-094EF92A5830}.Release|Any CPU.Build.0 = Release|Any CPU
		{B1C84FA3-9332-4C36-A6C7-E1689572FC60}.Debug|Any CPU.ActiveCfg = Debug|Any CPU
		{B1C84FA3-9332-4C36-A6C7-E1689572FC60}.Debug|Any CPU.Build.0 = Debug|Any CPU
		{B1C84FA3-9332-4C36-A6C7-E1689572FC60}.Release|Any CPU.ActiveCfg = Release|Any CPU
		{B1C84FA3-9332-4C36-A6C7-E1689572FC60}.Release|Any CPU.Build.0 = Release|Any CPU
		{04FFCD98-14E7-4745-BEFE-B5E051DE7526}.Debug|Any CPU.ActiveCfg = Debug|Any CPU
		{04FFCD98-14E7-4745-BEFE-B5E051DE7526}.Debug|Any CPU.Build.0 = Debug|Any CPU
		{04FFCD98-14E7-4745-BEFE-B5E051DE7526}.Release|Any CPU.ActiveCfg = Release|Any CPU
		{04FFCD98-14E7-4745-BEFE-B5E051DE7526}.Release|Any CPU.Build.0 = Release|Any CPU
		{10CC0B82-F7CE-4AB1-8DD4-E97FC0EE8537}.Debug|Any CPU.ActiveCfg = Debug|Any CPU
		{10CC0B82-F7CE-4AB1-8DD4-E97FC0EE8537}.Debug|Any CPU.Build.0 = Debug|Any CPU
		{10CC0B82-F7CE-4AB1-8DD4-E97FC0EE8537}.Release|Any CPU.ActiveCfg = Release|Any CPU
		{10CC0B82-F7CE-4AB1-8DD4-E97FC0EE8537}.Release|Any CPU.Build.0 = Release|Any CPU
		{8D0B3BDF-AD81-4CF3-8856-AB87CE71E39B}.Debug|Any CPU.ActiveCfg = Debug|Any CPU
		{8D0B3BDF-AD81-4CF3-8856-AB87CE71E39B}.Debug|Any CPU.Build.0 = Debug|Any CPU
		{8D0B3BDF-AD81-4CF3-8856-AB87CE71E39B}.Release|Any CPU.ActiveCfg = Release|Any CPU
		{8D0B3BDF-AD81-4CF3-8856-AB87CE71E39B}.Release|Any CPU.Build.0 = Release|Any CPU
		{44A1AD4E-6A2D-47C8-A9FF-C9F22A1B012F}.Debug|Any CPU.ActiveCfg = Debug|Any CPU
		{44A1AD4E-6A2D-47C8-A9FF-C9F22A1B012F}.Debug|Any CPU.Build.0 = Debug|Any CPU
		{44A1AD4E-6A2D-47C8-A9FF-C9F22A1B012F}.Release|Any CPU.ActiveCfg = Release|Any CPU
		{44A1AD4E-6A2D-47C8-A9FF-C9F22A1B012F}.Release|Any CPU.Build.0 = Release|Any CPU
		{37B34110-28B2-4FFC-94BD-7F8C57F22E35}.Debug|Any CPU.ActiveCfg = Debug|Any CPU
		{37B34110-28B2-4FFC-94BD-7F8C57F22E35}.Debug|Any CPU.Build.0 = Debug|Any CPU
		{37B34110-28B2-4FFC-94BD-7F8C57F22E35}.Release|Any CPU.ActiveCfg = Release|Any CPU
		{37B34110-28B2-4FFC-94BD-7F8C57F22E35}.Release|Any CPU.Build.0 = Release|Any CPU
		{9DD641FB-F8C8-4A81-A1C0-D755E92B3572}.Debug|Any CPU.ActiveCfg = Debug|Any CPU
		{9DD641FB-F8C8-4A81-A1C0-D755E92B3572}.Debug|Any CPU.Build.0 = Debug|Any CPU
		{9DD641FB-F8C8-4A81-A1C0-D755E92B3572}.Release|Any CPU.ActiveCfg = Release|Any CPU
		{9DD641FB-F8C8-4A81-A1C0-D755E92B3572}.Release|Any CPU.Build.0 = Release|Any CPU
		{B0C3056C-DE7E-48E3-BD09-C67D60258A81}.Debug|Any CPU.ActiveCfg = Debug|Any CPU
		{B0C3056C-DE7E-48E3-BD09-C67D60258A81}.Debug|Any CPU.Build.0 = Debug|Any CPU
		{B0C3056C-DE7E-48E3-BD09-C67D60258A81}.Release|Any CPU.ActiveCfg = Release|Any CPU
		{B0C3056C-DE7E-48E3-BD09-C67D60258A81}.Release|Any CPU.Build.0 = Release|Any CPU
		{3F5CDFDA-E31C-4F86-87ED-1C31F19AFB11}.Debug|Any CPU.ActiveCfg = Debug|Any CPU
		{3F5CDFDA-E31C-4F86-87ED-1C31F19AFB11}.Debug|Any CPU.Build.0 = Debug|Any CPU
		{3F5CDFDA-E31C-4F86-87ED-1C31F19AFB11}.Release|Any CPU.ActiveCfg = Release|Any CPU
		{3F5CDFDA-E31C-4F86-87ED-1C31F19AFB11}.Release|Any CPU.Build.0 = Release|Any CPU
		{F6DD15F0-01A3-4943-BFC2-DC90D30F0A22}.Debug|Any CPU.ActiveCfg = Debug|Any CPU
		{F6DD15F0-01A3-4943-BFC2-DC90D30F0A22}.Debug|Any CPU.Build.0 = Debug|Any CPU
		{F6DD15F0-01A3-4943-BFC2-DC90D30F0A22}.Release|Any CPU.ActiveCfg = Release|Any CPU
		{F6DD15F0-01A3-4943-BFC2-DC90D30F0A22}.Release|Any CPU.Build.0 = Release|Any CPU
		{FBB0DA41-EA27-4493-BEC2-249B94655DAD}.Debug|Any CPU.ActiveCfg = Debug|Any CPU
		{FBB0DA41-EA27-4493-BEC2-249B94655DAD}.Debug|Any CPU.Build.0 = Debug|Any CPU
		{FBB0DA41-EA27-4493-BEC2-249B94655DAD}.Release|Any CPU.ActiveCfg = Release|Any CPU
		{FBB0DA41-EA27-4493-BEC2-249B94655DAD}.Release|Any CPU.Build.0 = Release|Any CPU
		{2FE7C6C5-D0A6-443D-814F-3BD44579B1C9}.Debug|Any CPU.ActiveCfg = Debug|Any CPU
		{2FE7C6C5-D0A6-443D-814F-3BD44579B1C9}.Debug|Any CPU.Build.0 = Debug|Any CPU
		{2FE7C6C5-D0A6-443D-814F-3BD44579B1C9}.Release|Any CPU.ActiveCfg = Release|Any CPU
		{2FE7C6C5-D0A6-443D-814F-3BD44579B1C9}.Release|Any CPU.Build.0 = Release|Any CPU
		{74783931-8718-4ECF-8943-46FD51AC3BCB}.Debug|Any CPU.ActiveCfg = Debug|Any CPU
		{74783931-8718-4ECF-8943-46FD51AC3BCB}.Debug|Any CPU.Build.0 = Debug|Any CPU
		{74783931-8718-4ECF-8943-46FD51AC3BCB}.Release|Any CPU.ActiveCfg = Release|Any CPU
		{74783931-8718-4ECF-8943-46FD51AC3BCB}.Release|Any CPU.Build.0 = Release|Any CPU
	EndGlobalSection
	GlobalSection(SolutionProperties) = preSolution
		HideSolutionNode = FALSE
	EndGlobalSection
EndGlobal
