
Microsoft Visual Studio Solution File, Format Version 12.00
# Visual Studio 14
VisualStudioVersion = 14.0.25420.1
MinimumVisualStudioVersion = 10.0.40219.1
Project("{FAE04EC0-301F-11D3-BF4B-00C04F79EFBC}") = "IF_B7", "IF_B7\IF_B7.csproj", "{0B67330E-70DD-4672-B0CA-A53E58CD4D9A}"
EndProject
Project("{FAE04EC0-301F-11D3-BF4B-00C04F79EFBC}") = "IF_B8", "IF_B8\IF_B8.csproj", "{B881263C-D27A-4B2B-A267-6E8C009611B8}"
EndProject
Project("{FAE04EC0-301F-11D3-BF4B-00C04F79EFBC}") = "IF_B9", "IF_B9\IF_B9.csproj", "{5F1137EC-1697-440B-9327-6E79E731F6D5}"
EndProject
Project("{FAE04EC0-301F-11D3-BF4B-00C04F79EFBC}") = "IF_B10", "IF_B10\IF_B10.csproj", "{5718BED9-68F2-4EB1-BFC4-D2CA28A2AFE0}"
EndProject
Project("{FAE04EC0-301F-11D3-BF4B-00C04F79EFBC}") = "IF_B12", "IF_B12\IF_B12.csproj", "{C586581A-B9E1-4B71-8C8B-60BB6F76E4BB}"
EndProject
Project("{FAE04EC0-301F-11D3-BF4B-00C04F79EFBC}") = "IF_B13", "IF_B13\IF_B13.csproj", "{DFD77ECC-3E53-48AE-A0BD-F0865CD3E4C1}"
EndProject
Project("{FAE04EC0-301F-11D3-BF4B-00C04F79EFBC}") = "IF_B14", "IF_B14\IF_B14.csproj", "{D0571E4C-0232-4147-9DFA-5EE6E34A689A}"
EndProject
Global
	GlobalSection(SolutionConfigurationPlatforms) = preSolution
		Debug|Any CPU = Debug|Any CPU
		Release|Any CPU = Release|Any CPU
	EndGlobalSection
	GlobalSection(ProjectConfigurationPlatforms) = postSolution
		{0B67330E-70DD-4672-B0CA-A53E58CD4D9A}.Debug|Any CPU.ActiveCfg = Debug|Any CPU
		{0B67330E-70DD-4672-B0CA-A53E58CD4D9A}.Debug|Any CPU.Build.0 = Debug|Any CPU
		{0B67330E-70DD-4672-B0CA-A53E58CD4D9A}.Release|Any CPU.ActiveCfg = Release|Any CPU
		{0B67330E-70DD-4672-B0CA-A53E58CD4D9A}.Release|Any CPU.Build.0 = Release|Any CPU
		{B881263C-D27A-4B2B-A267-6E8C009611B8}.Debug|Any CPU.ActiveCfg = Debug|Any CPU
		{B881263C-D27A-4B2B-A267-6E8C009611B8}.Debug|Any CPU.Build.0 = Debug|Any CPU
		{B881263C-D27A-4B2B-A267-6E8C009611B8}.Release|Any CPU.ActiveCfg = Release|Any CPU
		{B881263C-D27A-4B2B-A267-6E8C009611B8}.Release|Any CPU.Build.0 = Release|Any CPU
		{5F1137EC-1697-440B-9327-6E79E731F6D5}.Debug|Any CPU.ActiveCfg = Debug|Any CPU
		{5F1137EC-1697-440B-9327-6E79E731F6D5}.Debug|Any CPU.Build.0 = Debug|Any CPU
		{5F1137EC-1697-440B-9327-6E79E731F6D5}.Release|Any CPU.ActiveCfg = Release|Any CPU
		{5F1137EC-1697-440B-9327-6E79E731F6D5}.Release|Any CPU.Build.0 = Release|Any CPU
		{5718BED9-68F2-4EB1-BFC4-D2CA28A2AFE0}.Debug|Any CPU.ActiveCfg = Debug|Any CPU
		{5718BED9-68F2-4EB1-BFC4-D2CA28A2AFE0}.Debug|Any CPU.Build.0 = Debug|Any CPU
		{5718BED9-68F2-4EB1-BFC4-D2CA28A2AFE0}.Release|Any CPU.ActiveCfg = Release|Any CPU
		{5718BED9-68F2-4EB1-BFC4-D2CA28A2AFE0}.Release|Any CPU.Build.0 = Release|Any CPU
		{C586581A-B9E1-4B71-8C8B-60BB6F76E4BB}.Debug|Any CPU.ActiveCfg = Debug|Any CPU
		{C586581A-B9E1-4B71-8C8B-60BB6F76E4BB}.Debug|Any CPU.Build.0 = Debug|Any CPU
		{C586581A-B9E1-4B71-8C8B-60BB6F76E4BB}.Release|Any CPU.ActiveCfg = Release|Any CPU
		{C586581A-B9E1-4B71-8C8B-60BB6F76E4BB}.Release|Any CPU.Build.0 = Release|Any CPU
		{DFD77ECC-3E53-48AE-A0BD-F0865CD3E4C1}.Debug|Any CPU.ActiveCfg = Debug|Any CPU
		{DFD77ECC-3E53-48AE-A0BD-F0865CD3E4C1}.Debug|Any CPU.Build.0 = Debug|Any CPU
		{DFD77ECC-3E53-48AE-A0BD-F0865CD3E4C1}.Release|Any CPU.ActiveCfg = Release|Any CPU
		{DFD77ECC-3E53-48AE-A0BD-F0865CD3E4C1}.Release|Any CPU.Build.0 = Release|Any CPU
		{D0571E4C-0232-4147-9DFA-5EE6E34A689A}.Debug|Any CPU.ActiveCfg = Debug|Any CPU
		{D0571E4C-0232-4147-9DFA-5EE6E34A689A}.Debug|Any CPU.Build.0 = Debug|Any CPU
		{D0571E4C-0232-4147-9DFA-5EE6E34A689A}.Release|Any CPU.ActiveCfg = Release|Any CPU
		{D0571E4C-0232-4147-9DFA-5EE6E34A689A}.Release|Any CPU.Build.0 = Release|Any CPU
	EndGlobalSection
	GlobalSection(SolutionProperties) = preSolution
		HideSolutionNode = FALSE
	EndGlobalSection
EndGlobal
