
Microsoft Visual Studio Solution File, Format Version 12.00
# Visual Studio 2013
VisualStudioVersion = 12.0.31101.0
MinimumVisualStudioVersion = 10.0.40219.1
Project("{FAE04EC0-301F-11D3-BF4B-00C04F79EFBC}") = "5", "chuong 3 bI 5\5.csproj", "{3EE7DD48-E28E-4158-B0A8-FC6CDF8513EA}"
EndProject
Project("{FAE04EC0-301F-11D3-BF4B-00C04F79EFBC}") = "6", "6\6.csproj", "{5193E289-040B-46D3-BEEA-5159C6A23CDE}"
EndProject
Project("{FAE04EC0-301F-11D3-BF4B-00C04F79EFBC}") = "7", "7\7.csproj", "{C6DADCD3-F807-4800-AD04-459696D3AED5}"
EndProject
Project("{FAE04EC0-301F-11D3-BF4B-00C04F79EFBC}") = "8", "8\8.csproj", "{D086EFF6-61D3-498D-8173-C2A3F47EC0D3}"
EndProject
Global
	GlobalSection(SolutionConfigurationPlatforms) = preSolution
		Debug|Any CPU = Debug|Any CPU
		Release|Any CPU = Release|Any CPU
	EndGlobalSection
	GlobalSection(ProjectConfigurationPlatforms) = postSolution
		{3EE7DD48-E28E-4158-B0A8-FC6CDF8513EA}.Debug|Any CPU.ActiveCfg = Debug|Any CPU
		{3EE7DD48-E28E-4158-B0A8-FC6CDF8513EA}.Debug|Any CPU.Build.0 = Debug|Any CPU
		{3EE7DD48-E28E-4158-B0A8-FC6CDF8513EA}.Release|Any CPU.ActiveCfg = Release|Any CPU
		{3EE7DD48-E28E-4158-B0A8-FC6CDF8513EA}.Release|Any CPU.Build.0 = Release|Any CPU
		{5193E289-040B-46D3-BEEA-5159C6A23CDE}.Debug|Any CPU.ActiveCfg = Debug|Any CPU
		{5193E289-040B-46D3-BEEA-5159C6A23CDE}.Debug|Any CPU.Build.0 = Debug|Any CPU
		{5193E289-040B-46D3-BEEA-5159C6A23CDE}.Release|Any CPU.ActiveCfg = Release|Any CPU
		{5193E289-040B-46D3-BEEA-5159C6A23CDE}.Release|Any CPU.Build.0 = Release|Any CPU
		{C6DADCD3-F807-4800-AD04-459696D3AED5}.Debug|Any CPU.ActiveCfg = Debug|Any CPU
		{C6DADCD3-F807-4800-AD04-459696D3AED5}.Debug|Any CPU.Build.0 = Debug|Any CPU
		{C6DADCD3-F807-4800-AD04-459696D3AED5}.Release|Any CPU.ActiveCfg = Release|Any CPU
		{C6DADCD3-F807-4800-AD04-459696D3AED5}.Release|Any CPU.Build.0 = Release|Any CPU
		{D086EFF6-61D3-498D-8173-C2A3F47EC0D3}.Debug|Any CPU.ActiveCfg = Debug|Any CPU
		{D086EFF6-61D3-498D-8173-C2A3F47EC0D3}.Debug|Any CPU.Build.0 = Debug|Any CPU
		{D086EFF6-61D3-498D-8173-C2A3F47EC0D3}.Release|Any CPU.ActiveCfg = Release|Any CPU
		{D086EFF6-61D3-498D-8173-C2A3F47EC0D3}.Release|Any CPU.Build.0 = Release|Any CPU
	EndGlobalSection
	GlobalSection(SolutionProperties) = preSolution
		HideSolutionNode = FALSE
	EndGlobalSection
EndGlobal
