
Microsoft Visual Studio Solution File, Format Version 12.00
# Visual Studio 14
VisualStudioVersion = 14.0.25420.1
MinimumVisualStudioVersion = 10.0.40219.1
Project("{FAE04EC0-301F-11D3-BF4B-00C04F79EFBC}") = "LAP_B4", "LAP_B4\LAP_B4.csproj", "{C6BB7F71-3BCD-4ACF-B9DE-E7F71CD3A34E}"
EndProject
Project("{FAE04EC0-301F-11D3-BF4B-00C04F79EFBC}") = "LAP_B5", "LAP_B5\LAP_B5.csproj", "{56F53A95-E399-42EB-A86D-CF2247214732}"
EndProject
Project("{FAE04EC0-301F-11D3-BF4B-00C04F79EFBC}") = "LAP_B6", "LAP_B6\LAP_B6.csproj", "{B041076F-3FE0-4F12-AED4-636883D0B8D9}"
EndProject
Project("{FAE04EC0-301F-11D3-BF4B-00C04F79EFBC}") = "LAP_B7", "LAP_B7\LAP_B7.csproj", "{B6027B0F-601B-4192-B10E-C07ABFF30F6B}"
EndProject
Project("{FAE04EC0-301F-11D3-BF4B-00C04F79EFBC}") = "LAP_B8", "LAP_B8\LAP_B8.csproj", "{A416446C-F3A9-401E-B11D-B4762F35515B}"
EndProject
Project("{FAE04EC0-301F-11D3-BF4B-00C04F79EFBC}") = "LAP_B9", "LAP_B9\LAP_B9.csproj", "{2B0289DD-2600-4FF0-89EA-141DC4FA905C}"
EndProject
Project("{FAE04EC0-301F-11D3-BF4B-00C04F79EFBC}") = "LAP_B10", "LAP_B10\LAP_B10.csproj", "{8E67CF2F-1E72-44ED-A7D4-49A8D3B2427F}"
EndProject
Project("{FAE04EC0-301F-11D3-BF4B-00C04F79EFBC}") = "LAP_B11", "LAP_B11\LAP_B11.csproj", "{B373E16B-7DED-4528-B456-4F9BB2D55B55}"
EndProject
Project("{FAE04EC0-301F-11D3-BF4B-00C04F79EFBC}") = "LAP_B12", "LAP_B12\LAP_B12.csproj", "{7288B0FB-5FCA-41C4-957D-3B261EFF65AB}"
EndProject
Global
	GlobalSection(SolutionConfigurationPlatforms) = preSolution
		Debug|Any CPU = Debug|Any CPU
		Release|Any CPU = Release|Any CPU
	EndGlobalSection
	GlobalSection(ProjectConfigurationPlatforms) = postSolution
		{C6BB7F71-3BCD-4ACF-B9DE-E7F71CD3A34E}.Debug|Any CPU.ActiveCfg = Debug|Any CPU
		{C6BB7F71-3BCD-4ACF-B9DE-E7F71CD3A34E}.Debug|Any CPU.Build.0 = Debug|Any CPU
		{C6BB7F71-3BCD-4ACF-B9DE-E7F71CD3A34E}.Release|Any CPU.ActiveCfg = Release|Any CPU
		{C6BB7F71-3BCD-4ACF-B9DE-E7F71CD3A34E}.Release|Any CPU.Build.0 = Release|Any CPU
		{56F53A95-E399-42EB-A86D-CF2247214732}.Debug|Any CPU.ActiveCfg = Debug|Any CPU
		{56F53A95-E399-42EB-A86D-CF2247214732}.Debug|Any CPU.Build.0 = Debug|Any CPU
		{56F53A95-E399-42EB-A86D-CF2247214732}.Release|Any CPU.ActiveCfg = Release|Any CPU
		{56F53A95-E399-42EB-A86D-CF2247214732}.Release|Any CPU.Build.0 = Release|Any CPU
		{B041076F-3FE0-4F12-AED4-636883D0B8D9}.Debug|Any CPU.ActiveCfg = Debug|Any CPU
		{B041076F-3FE0-4F12-AED4-636883D0B8D9}.Debug|Any CPU.Build.0 = Debug|Any CPU
		{B041076F-3FE0-4F12-AED4-636883D0B8D9}.Release|Any CPU.ActiveCfg = Release|Any CPU
		{B041076F-3FE0-4F12-AED4-636883D0B8D9}.Release|Any CPU.Build.0 = Release|Any CPU
		{B6027B0F-601B-4192-B10E-C07ABFF30F6B}.Debug|Any CPU.ActiveCfg = Debug|Any CPU
		{B6027B0F-601B-4192-B10E-C07ABFF30F6B}.Debug|Any CPU.Build.0 = Debug|Any CPU
		{B6027B0F-601B-4192-B10E-C07ABFF30F6B}.Release|Any CPU.ActiveCfg = Release|Any CPU
		{B6027B0F-601B-4192-B10E-C07ABFF30F6B}.Release|Any CPU.Build.0 = Release|Any CPU
		{A416446C-F3A9-401E-B11D-B4762F35515B}.Debug|Any CPU.ActiveCfg = Debug|Any CPU
		{A416446C-F3A9-401E-B11D-B4762F35515B}.Debug|Any CPU.Build.0 = Debug|Any CPU
		{A416446C-F3A9-401E-B11D-B4762F35515B}.Release|Any CPU.ActiveCfg = Release|Any CPU
		{A416446C-F3A9-401E-B11D-B4762F35515B}.Release|Any CPU.Build.0 = Release|Any CPU
		{2B0289DD-2600-4FF0-89EA-141DC4FA905C}.Debug|Any CPU.ActiveCfg = Debug|Any CPU
		{2B0289DD-2600-4FF0-89EA-141DC4FA905C}.Debug|Any CPU.Build.0 = Debug|Any CPU
		{2B0289DD-2600-4FF0-89EA-141DC4FA905C}.Release|Any CPU.ActiveCfg = Release|Any CPU
		{2B0289DD-2600-4FF0-89EA-141DC4FA905C}.Release|Any CPU.Build.0 = Release|Any CPU
		{8E67CF2F-1E72-44ED-A7D4-49A8D3B2427F}.Debug|Any CPU.ActiveCfg = Debug|Any CPU
		{8E67CF2F-1E72-44ED-A7D4-49A8D3B2427F}.Debug|Any CPU.Build.0 = Debug|Any CPU
		{8E67CF2F-1E72-44ED-A7D4-49A8D3B2427F}.Release|Any CPU.ActiveCfg = Release|Any CPU
		{8E67CF2F-1E72-44ED-A7D4-49A8D3B2427F}.Release|Any CPU.Build.0 = Release|Any CPU
		{B373E16B-7DED-4528-B456-4F9BB2D55B55}.Debug|Any CPU.ActiveCfg = Debug|Any CPU
		{B373E16B-7DED-4528-B456-4F9BB2D55B55}.Debug|Any CPU.Build.0 = Debug|Any CPU
		{B373E16B-7DED-4528-B456-4F9BB2D55B55}.Release|Any CPU.ActiveCfg = Release|Any CPU
		{B373E16B-7DED-4528-B456-4F9BB2D55B55}.Release|Any CPU.Build.0 = Release|Any CPU
		{7288B0FB-5FCA-41C4-957D-3B261EFF65AB}.Debug|Any CPU.ActiveCfg = Debug|Any CPU
		{7288B0FB-5FCA-41C4-957D-3B261EFF65AB}.Debug|Any CPU.Build.0 = Debug|Any CPU
		{7288B0FB-5FCA-41C4-957D-3B261EFF65AB}.Release|Any CPU.ActiveCfg = Release|Any CPU
		{7288B0FB-5FCA-41C4-957D-3B261EFF65AB}.Release|Any CPU.Build.0 = Release|Any CPU
	EndGlobalSection
	GlobalSection(SolutionProperties) = preSolution
		HideSolutionNode = FALSE
	EndGlobalSection
EndGlobal
